
Microsoft Visual Studio Solution File, Format Version 12.00
# Visual Studio Version 17
VisualStudioVersion = 17.9.34723.18
MinimumVisualStudioVersion = 10.0.40219.1
Project("{9A19103F-16F7-4668-BE54-9A1E7A4F7556}") = "kokshengbi.Api", "src\kokshengbi.Api\kokshengbi.Api.csproj", "{98A60D49-1BBB-4D76-942A-135DA6ADE2EF}"
EndProject
Project("{9A19103F-16F7-4668-BE54-9A1E7A4F7556}") = "kokshengbi.Application", "src\kokshengbi.Application\kokshengbi.Application.csproj", "{8D46747E-A9DC-4F30-A88C-9680CEABDF8A}"
EndProject
Project("{9A19103F-16F7-4668-BE54-9A1E7A4F7556}") = "kokshengbi.Contracts", "src\kokshengbi.Contracts\kokshengbi.Contracts.csproj", "{7163C51A-4335-4A0D-9E06-579EFB6F9BE3}"
EndProject
Project("{9A19103F-16F7-4668-BE54-9A1E7A4F7556}") = "kokshengbi.Domain", "src\kokshengbi.Domain\kokshengbi.Domain.csproj", "{577D165A-2692-4E28-B15C-94A5B04BA69C}"
EndProject
Project("{9A19103F-16F7-4668-BE54-9A1E7A4F7556}") = "kokshengbi.Infrastructure", "src\kokshengbi.Infrastructure\kokshengbi.Infrastructure.csproj", "{C00E0DDA-9F90-4B27-A34D-7D0D257DB081}"
EndProject
Project("{2150E333-8FDC-42A3-9474-1A3956D46DE8}") = "doc", "doc", "{E4DB435A-0D95-41CF-BAE6-4E1DD784AFAC}"
EndProject
Project("{2150E333-8FDC-42A3-9474-1A3956D46DE8}") = "Markdown", "Markdown", "{2D82A97F-EC5E-40A0-9D08-5A7DC96DA27B}"
	ProjectSection(SolutionItems) = preProject
		doc\Markdown\openaiapi.md = doc\Markdown\openaiapi.md
		doc\Markdown\redis.md = doc\Markdown\redis.md
		doc\Markdown\threadpool.md = doc\Markdown\threadpool.md
	EndProjectSection
EndProject
Project("{2150E333-8FDC-42A3-9474-1A3956D46DE8}") = "RabbitMQ", "RabbitMQ", "{E63F3349-32C6-4853-8721-7DB05BA521A9}"
EndProject
Project("{9A19103F-16F7-4668-BE54-9A1E7A4F7556}") = "SingleProducer", "RabbitMQ\SingleProducer\SingleProducer\SingleProducer.csproj", "{AFA2CF19-8681-4605-9F72-39F7774A7BBE}"
EndProject
Project("{9A19103F-16F7-4668-BE54-9A1E7A4F7556}") = "SingleConsumer", "RabbitMQ\SingleConsumer\SingleConsumer\SingleConsumer.csproj", "{CCF57C4F-B3DD-43BC-8153-1FEBED0FCAAA}"
EndProject
Project("{9A19103F-16F7-4668-BE54-9A1E7A4F7556}") = "MultiConsumer", "RabbitMQ\MultiConsumer\MultiConsumer\MultiConsumer.csproj", "{81982680-C347-4D11-9721-14F64926CE6F}"
EndProject
Project("{9A19103F-16F7-4668-BE54-9A1E7A4F7556}") = "MultiProducer", "RabbitMQ\MultiProducer\MultiProducer\MultiProducer.csproj", "{2A85231A-544B-4832-832E-68B5823D8BD5}"
EndProject
Project("{9A19103F-16F7-4668-BE54-9A1E7A4F7556}") = "FanoutConsumer", "RabbitMQ\FanoutConsumer\FanoutConsumer\FanoutConsumer.csproj", "{0813428E-910A-4A3C-938F-F150EA80ABA8}"
EndProject
Project("{9A19103F-16F7-4668-BE54-9A1E7A4F7556}") = "FanoutProducer", "RabbitMQ\FanoutProducer\FanoutProducer\FanoutProducer.csproj", "{053FA746-3192-4F2B-A2EA-0B6F500B132A}"
EndProject
Project("{9A19103F-16F7-4668-BE54-9A1E7A4F7556}") = "DirectConsumer", "RabbitMQ\DirectConsumer\DirectConsumer\DirectConsumer.csproj", "{F355CE97-FEA1-4F7E-B945-35AC94F88ABD}"
EndProject
Project("{9A19103F-16F7-4668-BE54-9A1E7A4F7556}") = "DirectProducer", "RabbitMQ\DirectProducer\DirectProducer\DirectProducer.csproj", "{D6250EE7-C294-4152-84B2-54F905AC9381}"
EndProject
Project("{9A19103F-16F7-4668-BE54-9A1E7A4F7556}") = "TopicConsumer", "RabbitMQ\TopicConsumer\TopicConsumer\TopicConsumer.csproj", "{AA36A66F-42D1-4EBC-A393-AF3117072544}"
EndProject
Project("{9A19103F-16F7-4668-BE54-9A1E7A4F7556}") = "TopicProducer", "RabbitMQ\TopicProducer\TopicProducer\TopicProducer.csproj", "{52E5986A-B2A7-48A6-8679-41EE00D9C0F5}"
EndProject
Project("{9A19103F-16F7-4668-BE54-9A1E7A4F7556}") = "TtlConsumer", "RabbitMQ\TtlConsumer\TtlConsumer\TtlConsumer.csproj", "{A74F315A-9C68-49CA-AAC2-91D26208CDF3}"
EndProject
Project("{9A19103F-16F7-4668-BE54-9A1E7A4F7556}") = "TtlProducer", "RabbitMQ\TtlProducer\TtlProducer\TtlProducer.csproj", "{80DF4293-B8D9-4D21-A4BB-6FAE6AF048F6}"
EndProject
Project("{9A19103F-16F7-4668-BE54-9A1E7A4F7556}") = "DlxDirectConsumer", "RabbitMQ\DlxDirectConsumer\DlxDirectConsumer\DlxDirectConsumer.csproj", "{3D4199A0-ADF9-4A7F-AAA2-412F34580849}"
EndProject
Project("{9A19103F-16F7-4668-BE54-9A1E7A4F7556}") = "DlxDirectProducer", "RabbitMQ\DlxDirectProducer\DlxDirectProducer\DlxDirectProducer.csproj", "{FD5F5473-60A8-463F-B5C3-3193516B4358}"
EndProject
Global
	GlobalSection(SolutionConfigurationPlatforms) = preSolution
		Debug|Any CPU = Debug|Any CPU
		Release|Any CPU = Release|Any CPU
	EndGlobalSection
	GlobalSection(ProjectConfigurationPlatforms) = postSolution
		{98A60D49-1BBB-4D76-942A-135DA6ADE2EF}.Debug|Any CPU.ActiveCfg = Debug|Any CPU
		{98A60D49-1BBB-4D76-942A-135DA6ADE2EF}.Debug|Any CPU.Build.0 = Debug|Any CPU
		{98A60D49-1BBB-4D76-942A-135DA6ADE2EF}.Release|Any CPU.ActiveCfg = Release|Any CPU
		{98A60D49-1BBB-4D76-942A-135DA6ADE2EF}.Release|Any CPU.Build.0 = Release|Any CPU
		{8D46747E-A9DC-4F30-A88C-9680CEABDF8A}.Debug|Any CPU.ActiveCfg = Debug|Any CPU
		{8D46747E-A9DC-4F30-A88C-9680CEABDF8A}.Debug|Any CPU.Build.0 = Debug|Any CPU
		{8D46747E-A9DC-4F30-A88C-9680CEABDF8A}.Release|Any CPU.ActiveCfg = Release|Any CPU
		{8D46747E-A9DC-4F30-A88C-9680CEABDF8A}.Release|Any CPU.Build.0 = Release|Any CPU
		{7163C51A-4335-4A0D-9E06-579EFB6F9BE3}.Debug|Any CPU.ActiveCfg = Debug|Any CPU
		{7163C51A-4335-4A0D-9E06-579EFB6F9BE3}.Debug|Any CPU.Build.0 = Debug|Any CPU
		{7163C51A-4335-4A0D-9E06-579EFB6F9BE3}.Release|Any CPU.ActiveCfg = Release|Any CPU
		{7163C51A-4335-4A0D-9E06-579EFB6F9BE3}.Release|Any CPU.Build.0 = Release|Any CPU
		{577D165A-2692-4E28-B15C-94A5B04BA69C}.Debug|Any CPU.ActiveCfg = Debug|Any CPU
		{577D165A-2692-4E28-B15C-94A5B04BA69C}.Debug|Any CPU.Build.0 = Debug|Any CPU
		{577D165A-2692-4E28-B15C-94A5B04BA69C}.Release|Any CPU.ActiveCfg = Release|Any CPU
		{577D165A-2692-4E28-B15C-94A5B04BA69C}.Release|Any CPU.Build.0 = Release|Any CPU
		{C00E0DDA-9F90-4B27-A34D-7D0D257DB081}.Debug|Any CPU.ActiveCfg = Debug|Any CPU
		{C00E0DDA-9F90-4B27-A34D-7D0D257DB081}.Debug|Any CPU.Build.0 = Debug|Any CPU
		{C00E0DDA-9F90-4B27-A34D-7D0D257DB081}.Release|Any CPU.ActiveCfg = Release|Any CPU
		{C00E0DDA-9F90-4B27-A34D-7D0D257DB081}.Release|Any CPU.Build.0 = Release|Any CPU
		{AFA2CF19-8681-4605-9F72-39F7774A7BBE}.Debug|Any CPU.ActiveCfg = Debug|Any CPU
		{AFA2CF19-8681-4605-9F72-39F7774A7BBE}.Debug|Any CPU.Build.0 = Debug|Any CPU
		{AFA2CF19-8681-4605-9F72-39F7774A7BBE}.Release|Any CPU.ActiveCfg = Release|Any CPU
		{AFA2CF19-8681-4605-9F72-39F7774A7BBE}.Release|Any CPU.Build.0 = Release|Any CPU
		{CCF57C4F-B3DD-43BC-8153-1FEBED0FCAAA}.Debug|Any CPU.ActiveCfg = Debug|Any CPU
		{CCF57C4F-B3DD-43BC-8153-1FEBED0FCAAA}.Debug|Any CPU.Build.0 = Debug|Any CPU
		{CCF57C4F-B3DD-43BC-8153-1FEBED0FCAAA}.Release|Any CPU.ActiveCfg = Release|Any CPU
		{CCF57C4F-B3DD-43BC-8153-1FEBED0FCAAA}.Release|Any CPU.Build.0 = Release|Any CPU
		{81982680-C347-4D11-9721-14F64926CE6F}.Debug|Any CPU.ActiveCfg = Debug|Any CPU
		{81982680-C347-4D11-9721-14F64926CE6F}.Debug|Any CPU.Build.0 = Debug|Any CPU
		{81982680-C347-4D11-9721-14F64926CE6F}.Release|Any CPU.ActiveCfg = Release|Any CPU
		{81982680-C347-4D11-9721-14F64926CE6F}.Release|Any CPU.Build.0 = Release|Any CPU
		{2A85231A-544B-4832-832E-68B5823D8BD5}.Debug|Any CPU.ActiveCfg = Debug|Any CPU
		{2A85231A-544B-4832-832E-68B5823D8BD5}.Debug|Any CPU.Build.0 = Debug|Any CPU
		{2A85231A-544B-4832-832E-68B5823D8BD5}.Release|Any CPU.ActiveCfg = Release|Any CPU
		{2A85231A-544B-4832-832E-68B5823D8BD5}.Release|Any CPU.Build.0 = Release|Any CPU
		{0813428E-910A-4A3C-938F-F150EA80ABA8}.Debug|Any CPU.ActiveCfg = Debug|Any CPU
		{0813428E-910A-4A3C-938F-F150EA80ABA8}.Debug|Any CPU.Build.0 = Debug|Any CPU
		{0813428E-910A-4A3C-938F-F150EA80ABA8}.Release|Any CPU.ActiveCfg = Release|Any CPU
		{0813428E-910A-4A3C-938F-F150EA80ABA8}.Release|Any CPU.Build.0 = Release|Any CPU
		{053FA746-3192-4F2B-A2EA-0B6F500B132A}.Debug|Any CPU.ActiveCfg = Debug|Any CPU
		{053FA746-3192-4F2B-A2EA-0B6F500B132A}.Debug|Any CPU.Build.0 = Debug|Any CPU
		{053FA746-3192-4F2B-A2EA-0B6F500B132A}.Release|Any CPU.ActiveCfg = Release|Any CPU
		{053FA746-3192-4F2B-A2EA-0B6F500B132A}.Release|Any CPU.Build.0 = Release|Any CPU
		{F355CE97-FEA1-4F7E-B945-35AC94F88ABD}.Debug|Any CPU.ActiveCfg = Debug|Any CPU
		{F355CE97-FEA1-4F7E-B945-35AC94F88ABD}.Debug|Any CPU.Build.0 = Debug|Any CPU
		{F355CE97-FEA1-4F7E-B945-35AC94F88ABD}.Release|Any CPU.ActiveCfg = Release|Any CPU
		{F355CE97-FEA1-4F7E-B945-35AC94F88ABD}.Release|Any CPU.Build.0 = Release|Any CPU
		{D6250EE7-C294-4152-84B2-54F905AC9381}.Debug|Any CPU.ActiveCfg = Debug|Any CPU
		{D6250EE7-C294-4152-84B2-54F905AC9381}.Debug|Any CPU.Build.0 = Debug|Any CPU
		{D6250EE7-C294-4152-84B2-54F905AC9381}.Release|Any CPU.ActiveCfg = Release|Any CPU
		{D6250EE7-C294-4152-84B2-54F905AC9381}.Release|Any CPU.Build.0 = Release|Any CPU
		{AA36A66F-42D1-4EBC-A393-AF3117072544}.Debug|Any CPU.ActiveCfg = Debug|Any CPU
		{AA36A66F-42D1-4EBC-A393-AF3117072544}.Debug|Any CPU.Build.0 = Debug|Any CPU
		{AA36A66F-42D1-4EBC-A393-AF3117072544}.Release|Any CPU.ActiveCfg = Release|Any CPU
		{AA36A66F-42D1-4EBC-A393-AF3117072544}.Release|Any CPU.Build.0 = Release|Any CPU
		{52E5986A-B2A7-48A6-8679-41EE00D9C0F5}.Debug|Any CPU.ActiveCfg = Debug|Any CPU
		{52E5986A-B2A7-48A6-8679-41EE00D9C0F5}.Debug|Any CPU.Build.0 = Debug|Any CPU
		{52E5986A-B2A7-48A6-8679-41EE00D9C0F5}.Release|Any CPU.ActiveCfg = Release|Any CPU
		{52E5986A-B2A7-48A6-8679-41EE00D9C0F5}.Release|Any CPU.Build.0 = Release|Any CPU
		{A74F315A-9C68-49CA-AAC2-91D26208CDF3}.Debug|Any CPU.ActiveCfg = Debug|Any CPU
		{A74F315A-9C68-49CA-AAC2-91D26208CDF3}.Debug|Any CPU.Build.0 = Debug|Any CPU
		{A74F315A-9C68-49CA-AAC2-91D26208CDF3}.Release|Any CPU.ActiveCfg = Release|Any CPU
		{A74F315A-9C68-49CA-AAC2-91D26208CDF3}.Release|Any CPU.Build.0 = Release|Any CPU
		{80DF4293-B8D9-4D21-A4BB-6FAE6AF048F6}.Debug|Any CPU.ActiveCfg = Debug|Any CPU
		{80DF4293-B8D9-4D21-A4BB-6FAE6AF048F6}.Debug|Any CPU.Build.0 = Debug|Any CPU
		{80DF4293-B8D9-4D21-A4BB-6FAE6AF048F6}.Release|Any CPU.ActiveCfg = Release|Any CPU
		{80DF4293-B8D9-4D21-A4BB-6FAE6AF048F6}.Release|Any CPU.Build.0 = Release|Any CPU
		{3D4199A0-ADF9-4A7F-AAA2-412F34580849}.Debug|Any CPU.ActiveCfg = Debug|Any CPU
		{3D4199A0-ADF9-4A7F-AAA2-412F34580849}.Debug|Any CPU.Build.0 = Debug|Any CPU
		{3D4199A0-ADF9-4A7F-AAA2-412F34580849}.Release|Any CPU.ActiveCfg = Release|Any CPU
		{3D4199A0-ADF9-4A7F-AAA2-412F34580849}.Release|Any CPU.Build.0 = Release|Any CPU
		{FD5F5473-60A8-463F-B5C3-3193516B4358}.Debug|Any CPU.ActiveCfg = Debug|Any CPU
		{FD5F5473-60A8-463F-B5C3-3193516B4358}.Debug|Any CPU.Build.0 = Debug|Any CPU
		{FD5F5473-60A8-463F-B5C3-3193516B4358}.Release|Any CPU.ActiveCfg = Release|Any CPU
		{FD5F5473-60A8-463F-B5C3-3193516B4358}.Release|Any CPU.Build.0 = Release|Any CPU
	EndGlobalSection
	GlobalSection(SolutionProperties) = preSolution
		HideSolutionNode = FALSE
	EndGlobalSection
	GlobalSection(NestedProjects) = preSolution
		{2D82A97F-EC5E-40A0-9D08-5A7DC96DA27B} = {E4DB435A-0D95-41CF-BAE6-4E1DD784AFAC}
		{AFA2CF19-8681-4605-9F72-39F7774A7BBE} = {E63F3349-32C6-4853-8721-7DB05BA521A9}
		{CCF57C4F-B3DD-43BC-8153-1FEBED0FCAAA} = {E63F3349-32C6-4853-8721-7DB05BA521A9}
		{81982680-C347-4D11-9721-14F64926CE6F} = {E63F3349-32C6-4853-8721-7DB05BA521A9}
		{2A85231A-544B-4832-832E-68B5823D8BD5} = {E63F3349-32C6-4853-8721-7DB05BA521A9}
		{0813428E-910A-4A3C-938F-F150EA80ABA8} = {E63F3349-32C6-4853-8721-7DB05BA521A9}
		{053FA746-3192-4F2B-A2EA-0B6F500B132A} = {E63F3349-32C6-4853-8721-7DB05BA521A9}
		{F355CE97-FEA1-4F7E-B945-35AC94F88ABD} = {E63F3349-32C6-4853-8721-7DB05BA521A9}
		{D6250EE7-C294-4152-84B2-54F905AC9381} = {E63F3349-32C6-4853-8721-7DB05BA521A9}
		{AA36A66F-42D1-4EBC-A393-AF3117072544} = {E63F3349-32C6-4853-8721-7DB05BA521A9}
		{52E5986A-B2A7-48A6-8679-41EE00D9C0F5} = {E63F3349-32C6-4853-8721-7DB05BA521A9}
		{A74F315A-9C68-49CA-AAC2-91D26208CDF3} = {E63F3349-32C6-4853-8721-7DB05BA521A9}
		{80DF4293-B8D9-4D21-A4BB-6FAE6AF048F6} = {E63F3349-32C6-4853-8721-7DB05BA521A9}
		{3D4199A0-ADF9-4A7F-AAA2-412F34580849} = {E63F3349-32C6-4853-8721-7DB05BA521A9}
		{FD5F5473-60A8-463F-B5C3-3193516B4358} = {E63F3349-32C6-4853-8721-7DB05BA521A9}
	EndGlobalSection
	GlobalSection(ExtensibilityGlobals) = postSolution
		SolutionGuid = {8F92F272-2C79-4444-991F-2879FD1770AB}
	EndGlobalSection
EndGlobal
