
Microsoft Visual Studio Solution File, Format Version 12.00
# Visual Studio Version 17
VisualStudioVersion = 17.9.34728.123
MinimumVisualStudioVersion = 10.0.40219.1
Project("{FAE04EC0-301F-11D3-BF4B-00C04F79EFBC}") = "MultiConsumer", "MultiConsumer\MultiConsumer.csproj", "{986C9693-4701-463A-9489-680638AF196A}"
EndProject
Global
	GlobalSection(SolutionConfigurationPlatforms) = preSolution
		Debug|Any CPU = Debug|Any CPU
		Release|Any CPU = Release|Any CPU
	EndGlobalSection
	GlobalSection(ProjectConfigurationPlatforms) = postSolution
		{986C9693-4701-463A-9489-680638AF196A}.Debug|Any CPU.ActiveCfg = Debug|Any CPU
		{986C9693-4701-463A-9489-680638AF196A}.Debug|Any CPU.Build.0 = Debug|Any CPU
		{986C9693-4701-463A-9489-680638AF196A}.Release|Any CPU.ActiveCfg = Release|Any CPU
		{986C9693-4701-463A-9489-680638AF196A}.Release|Any CPU.Build.0 = Release|Any CPU
	EndGlobalSection
	GlobalSection(SolutionProperties) = preSolution
		HideSolutionNode = FALSE
	EndGlobalSection
	GlobalSection(ExtensibilityGlobals) = postSolution
		SolutionGuid = {189D3C43-17FD-487C-ACED-A86CE137C961}
	EndGlobalSection
EndGlobal
