
Microsoft Visual Studio Solution File, Format Version 12.00
# Visual Studio Version 17
VisualStudioVersion = 17.9.34728.123
MinimumVisualStudioVersion = 10.0.40219.1
Project("{FAE04EC0-301F-11D3-BF4B-00C04F79EFBC}") = "MultiProducer", "MultiProducer\MultiProducer.csproj", "{4C1EEB1D-6E69-4E82-8153-9DFB506FFEFE}"
EndProject
Global
	GlobalSection(SolutionConfigurationPlatforms) = preSolution
		Debug|Any CPU = Debug|Any CPU
		Release|Any CPU = Release|Any CPU
	EndGlobalSection
	GlobalSection(ProjectConfigurationPlatforms) = postSolution
		{4C1EEB1D-6E69-4E82-8153-9DFB506FFEFE}.Debug|Any CPU.ActiveCfg = Debug|Any CPU
		{4C1EEB1D-6E69-4E82-8153-9DFB506FFEFE}.Debug|Any CPU.Build.0 = Debug|Any CPU
		{4C1EEB1D-6E69-4E82-8153-9DFB506FFEFE}.Release|Any CPU.ActiveCfg = Release|Any CPU
		{4C1EEB1D-6E69-4E82-8153-9DFB506FFEFE}.Release|Any CPU.Build.0 = Release|Any CPU
	EndGlobalSection
	GlobalSection(SolutionProperties) = preSolution
		HideSolutionNode = FALSE
	EndGlobalSection
	GlobalSection(ExtensibilityGlobals) = postSolution
		SolutionGuid = {994A7348-F033-49D2-AE47-85B676C14068}
	EndGlobalSection
EndGlobal
